
Microsoft Visual Studio Solution File, Format Version 12.00
# Visual Studio 2012
Project("{2150E333-8FDC-42A3-9474-1A3956D46DE8}") = "Plugguble", "Plugguble", "{72BA52F4-CFD7-43CB-A7F5-9E5D853B6684}"
EndProject
Project("{FAE04EC0-301F-11D3-BF4B-00C04F79EFBC}") = "PortableArea", "PortableArea\PortableArea.csproj", "{D6B334DE-4BEE-4D87-B837-58505CB35B6F}"
EndProject
Project("{FAE04EC0-301F-11D3-BF4B-00C04F79EFBC}") = "Pluggable.Host", "Pluggable.Host\Pluggable.Host.csproj", "{DAA340F4-05B5-45A8-9412-FBB0BCD475ED}"
	ProjectSection(ProjectDependencies) = postProject
		{4C8A9C69-6974-4598-9549-73C70A6CC871} = {4C8A9C69-6974-4598-9549-73C70A6CC871}
	EndProjectSection
EndProject
Project("{FAE04EC0-301F-11D3-BF4B-00C04F79EFBC}") = "TestPlugin", "TestPlugin\TestPlugin.csproj", "{4C8A9C69-6974-4598-9549-73C70A6CC871}"
EndProject
Global
	GlobalSection(SolutionConfigurationPlatforms) = preSolution
		Debug|Any CPU = Debug|Any CPU
		Release|Any CPU = Release|Any CPU
	EndGlobalSection
	GlobalSection(ProjectConfigurationPlatforms) = postSolution
		{4C8A9C69-6974-4598-9549-73C70A6CC871}.Debug|Any CPU.ActiveCfg = Debug|Any CPU
		{4C8A9C69-6974-4598-9549-73C70A6CC871}.Debug|Any CPU.Build.0 = Debug|Any CPU
		{4C8A9C69-6974-4598-9549-73C70A6CC871}.Release|Any CPU.ActiveCfg = Release|Any CPU
		{4C8A9C69-6974-4598-9549-73C70A6CC871}.Release|Any CPU.Build.0 = Release|Any CPU
		{D6B334DE-4BEE-4D87-B837-58505CB35B6F}.Debug|Any CPU.ActiveCfg = Debug|Any CPU
		{D6B334DE-4BEE-4D87-B837-58505CB35B6F}.Debug|Any CPU.Build.0 = Debug|Any CPU
		{D6B334DE-4BEE-4D87-B837-58505CB35B6F}.Release|Any CPU.ActiveCfg = Release|Any CPU
		{D6B334DE-4BEE-4D87-B837-58505CB35B6F}.Release|Any CPU.Build.0 = Release|Any CPU
		{DAA340F4-05B5-45A8-9412-FBB0BCD475ED}.Debug|Any CPU.ActiveCfg = Debug|Any CPU
		{DAA340F4-05B5-45A8-9412-FBB0BCD475ED}.Debug|Any CPU.Build.0 = Debug|Any CPU
		{DAA340F4-05B5-45A8-9412-FBB0BCD475ED}.Release|Any CPU.ActiveCfg = Release|Any CPU
		{DAA340F4-05B5-45A8-9412-FBB0BCD475ED}.Release|Any CPU.Build.0 = Release|Any CPU
	EndGlobalSection
	GlobalSection(SolutionProperties) = preSolution
		HideSolutionNode = FALSE
	EndGlobalSection
	GlobalSection(NestedProjects) = preSolution
		{4C8A9C69-6974-4598-9549-73C70A6CC871} = {72BA52F4-CFD7-43CB-A7F5-9E5D853B6684}
		{D6B334DE-4BEE-4D87-B837-58505CB35B6F} = {72BA52F4-CFD7-43CB-A7F5-9E5D853B6684}
		{DAA340F4-05B5-45A8-9412-FBB0BCD475ED} = {72BA52F4-CFD7-43CB-A7F5-9E5D853B6684}
	EndGlobalSection
EndGlobal
